
Microsoft Visual Studio Solution File, Format Version 12.00
# Visual Studio Version 17
VisualStudioVersion = 17.0.31903.59
MinimumVisualStudioVersion = 10.0.40219.1
Project("{FAE04EC0-301F-11D3-BF4B-00C04F79EFBC}") = "Khadamati.Domain", "Khadamati.Domain\Khadamati.Domain.csproj", "{7723312D-DBD7-4961-84E7-BC9B662DFF08}"
EndProject
Project("{FAE04EC0-301F-11D3-BF4B-00C04F79EFBC}") = "Khadamati.Application", "Khadamati.Application\Khadamati.Application.csproj", "{A483F74B-B9D8-4793-8E0C-19B4A1427A9F}"
EndProject
Project("{FAE04EC0-301F-11D3-BF4B-00C04F79EFBC}") = "Khadamati.Infrastructure", "Khadamati.Infrastructure\Khadamati.Infrastructure.csproj", "{D5646FDA-9473-4999-9953-FF55D5DED35E}"
EndProject
Project("{FAE04EC0-301F-11D3-BF4B-00C04F79EFBC}") = "Khadamati.API", "Khadamati.API\Khadamati.API.csproj", "{F95166D2-9C4C-4CD1-B249-90B3EB51697A}"
EndProject
Project("{FAE04EC0-301F-11D3-BF4B-00C04F79EFBC}") = "Khadamati.Tests", "Khadamati.Tests\Khadamati.Tests.csproj", "{441A9D36-2D09-428D-A7BA-A10034168532}"
EndProject
Project("{FAE04EC0-301F-11D3-BF4B-00C04F79EFBC}") = "Khadamati.IntegrationTests", "Khadamati.IntegrationTests\Khadamati.IntegrationTests.csproj", "{2FEB9A5B-B67A-4CC7-9150-AB9E30B503C5}"
EndProject
Global
	GlobalSection(SolutionConfigurationPlatforms) = preSolution
		Debug|Any CPU = Debug|Any CPU
		Debug|x64 = Debug|x64
		Debug|x86 = Debug|x86
		Release|Any CPU = Release|Any CPU
		Release|x64 = Release|x64
		Release|x86 = Release|x86
	EndGlobalSection
	GlobalSection(ProjectConfigurationPlatforms) = postSolution
		{7723312D-DBD7-4961-84E7-BC9B662DFF08}.Debug|Any CPU.ActiveCfg = Debug|Any CPU
		{7723312D-DBD7-4961-84E7-BC9B662DFF08}.Debug|Any CPU.Build.0 = Debug|Any CPU
		{7723312D-DBD7-4961-84E7-BC9B662DFF08}.Debug|x64.ActiveCfg = Debug|Any CPU
		{7723312D-DBD7-4961-84E7-BC9B662DFF08}.Debug|x64.Build.0 = Debug|Any CPU
		{7723312D-DBD7-4961-84E7-BC9B662DFF08}.Debug|x86.ActiveCfg = Debug|Any CPU
		{7723312D-DBD7-4961-84E7-BC9B662DFF08}.Debug|x86.Build.0 = Debug|Any CPU
		{7723312D-DBD7-4961-84E7-BC9B662DFF08}.Release|Any CPU.ActiveCfg = Release|Any CPU
		{7723312D-DBD7-4961-84E7-BC9B662DFF08}.Release|Any CPU.Build.0 = Release|Any CPU
		{7723312D-DBD7-4961-84E7-BC9B662DFF08}.Release|x64.ActiveCfg = Release|Any CPU
		{7723312D-DBD7-4961-84E7-BC9B662DFF08}.Release|x64.Build.0 = Release|Any CPU
		{7723312D-DBD7-4961-84E7-BC9B662DFF08}.Release|x86.ActiveCfg = Release|Any CPU
		{7723312D-DBD7-4961-84E7-BC9B662DFF08}.Release|x86.Build.0 = Release|Any CPU
		{A483F74B-B9D8-4793-8E0C-19B4A1427A9F}.Debug|Any CPU.ActiveCfg = Debug|Any CPU
		{A483F74B-B9D8-4793-8E0C-19B4A1427A9F}.Debug|Any CPU.Build.0 = Debug|Any CPU
		{A483F74B-B9D8-4793-8E0C-19B4A1427A9F}.Debug|x64.ActiveCfg = Debug|Any CPU
		{A483F74B-B9D8-4793-8E0C-19B4A1427A9F}.Debug|x64.Build.0 = Debug|Any CPU
		{A483F74B-B9D8-4793-8E0C-19B4A1427A9F}.Debug|x86.ActiveCfg = Debug|Any CPU
		{A483F74B-B9D8-4793-8E0C-19B4A1427A9F}.Debug|x86.Build.0 = Debug|Any CPU
		{A483F74B-B9D8-4793-8E0C-19B4A1427A9F}.Release|Any CPU.ActiveCfg = Release|Any CPU
		{A483F74B-B9D8-4793-8E0C-19B4A1427A9F}.Release|Any CPU.Build.0 = Release|Any CPU
		{A483F74B-B9D8-4793-8E0C-19B4A1427A9F}.Release|x64.ActiveCfg = Release|Any CPU
		{A483F74B-B9D8-4793-8E0C-19B4A1427A9F}.Release|x64.Build.0 = Release|Any CPU
		{A483F74B-B9D8-4793-8E0C-19B4A1427A9F}.Release|x86.ActiveCfg = Release|Any CPU
		{A483F74B-B9D8-4793-8E0C-19B4A1427A9F}.Release|x86.Build.0 = Release|Any CPU
		{D5646FDA-9473-4999-9953-FF55D5DED35E}.Debug|Any CPU.ActiveCfg = Debug|Any CPU
		{D5646FDA-9473-4999-9953-FF55D5DED35E}.Debug|Any CPU.Build.0 = Debug|Any CPU
		{D5646FDA-9473-4999-9953-FF55D5DED35E}.Debug|x64.ActiveCfg = Debug|Any CPU
		{D5646FDA-9473-4999-9953-FF55D5DED35E}.Debug|x64.Build.0 = Debug|Any CPU
		{D5646FDA-9473-4999-9953-FF55D5DED35E}.Debug|x86.ActiveCfg = Debug|Any CPU
		{D5646FDA-9473-4999-9953-FF55D5DED35E}.Debug|x86.Build.0 = Debug|Any CPU
		{D5646FDA-9473-4999-9953-FF55D5DED35E}.Release|Any CPU.ActiveCfg = Release|Any CPU
		{D5646FDA-9473-4999-9953-FF55D5DED35E}.Release|Any CPU.Build.0 = Release|Any CPU
		{D5646FDA-9473-4999-9953-FF55D5DED35E}.Release|x64.ActiveCfg = Release|Any CPU
		{D5646FDA-9473-4999-9953-FF55D5DED35E}.Release|x64.Build.0 = Release|Any CPU
		{D5646FDA-9473-4999-9953-FF55D5DED35E}.Release|x86.ActiveCfg = Release|Any CPU
		{D5646FDA-9473-4999-9953-FF55D5DED35E}.Release|x86.Build.0 = Release|Any CPU
		{F95166D2-9C4C-4CD1-B249-90B3EB51697A}.Debug|Any CPU.ActiveCfg = Debug|Any CPU
		{F95166D2-9C4C-4CD1-B249-90B3EB51697A}.Debug|Any CPU.Build.0 = Debug|Any CPU
		{F95166D2-9C4C-4CD1-B249-90B3EB51697A}.Debug|x64.ActiveCfg = Debug|Any CPU
		{F95166D2-9C4C-4CD1-B249-90B3EB51697A}.Debug|x64.Build.0 = Debug|Any CPU
		{F95166D2-9C4C-4CD1-B249-90B3EB51697A}.Debug|x86.ActiveCfg = Debug|Any CPU
		{F95166D2-9C4C-4CD1-B249-90B3EB51697A}.Debug|x86.Build.0 = Debug|Any CPU
		{F95166D2-9C4C-4CD1-B249-90B3EB51697A}.Release|Any CPU.ActiveCfg = Release|Any CPU
		{F95166D2-9C4C-4CD1-B249-90B3EB51697A}.Release|Any CPU.Build.0 = Release|Any CPU
		{F95166D2-9C4C-4CD1-B249-90B3EB51697A}.Release|x64.ActiveCfg = Release|Any CPU
		{F95166D2-9C4C-4CD1-B249-90B3EB51697A}.Release|x64.Build.0 = Release|Any CPU
		{F95166D2-9C4C-4CD1-B249-90B3EB51697A}.Release|x86.ActiveCfg = Release|Any CPU
		{F95166D2-9C4C-4CD1-B249-90B3EB51697A}.Release|x86.Build.0 = Release|Any CPU
		{441A9D36-2D09-428D-A7BA-A10034168532}.Debug|Any CPU.ActiveCfg = Debug|Any CPU
		{441A9D36-2D09-428D-A7BA-A10034168532}.Debug|Any CPU.Build.0 = Debug|Any CPU
		{441A9D36-2D09-428D-A7BA-A10034168532}.Debug|x64.ActiveCfg = Debug|Any CPU
		{441A9D36-2D09-428D-A7BA-A10034168532}.Debug|x64.Build.0 = Debug|Any CPU
		{441A9D36-2D09-428D-A7BA-A10034168532}.Debug|x86.ActiveCfg = Debug|Any CPU
		{441A9D36-2D09-428D-A7BA-A10034168532}.Debug|x86.Build.0 = Debug|Any CPU
		{441A9D36-2D09-428D-A7BA-A10034168532}.Release|Any CPU.ActiveCfg = Release|Any CPU
		{441A9D36-2D09-428D-A7BA-A10034168532}.Release|Any CPU.Build.0 = Release|Any CPU
		{441A9D36-2D09-428D-A7BA-A10034168532}.Release|x64.ActiveCfg = Release|Any CPU
		{441A9D36-2D09-428D-A7BA-A10034168532}.Release|x64.Build.0 = Release|Any CPU
		{441A9D36-2D09-428D-A7BA-A10034168532}.Release|x86.ActiveCfg = Release|Any CPU
		{441A9D36-2D09-428D-A7BA-A10034168532}.Release|x86.Build.0 = Release|Any CPU
		{2FEB9A5B-B67A-4CC7-9150-AB9E30B503C5}.Debug|Any CPU.ActiveCfg = Debug|Any CPU
		{2FEB9A5B-B67A-4CC7-9150-AB9E30B503C5}.Debug|Any CPU.Build.0 = Debug|Any CPU
		{2FEB9A5B-B67A-4CC7-9150-AB9E30B503C5}.Debug|x64.ActiveCfg = Debug|Any CPU
		{2FEB9A5B-B67A-4CC7-9150-AB9E30B503C5}.Debug|x64.Build.0 = Debug|Any CPU
		{2FEB9A5B-B67A-4CC7-9150-AB9E30B503C5}.Debug|x86.ActiveCfg = Debug|Any CPU
		{2FEB9A5B-B67A-4CC7-9150-AB9E30B503C5}.Debug|x86.Build.0 = Debug|Any CPU
		{2FEB9A5B-B67A-4CC7-9150-AB9E30B503C5}.Release|Any CPU.ActiveCfg = Release|Any CPU
		{2FEB9A5B-B67A-4CC7-9150-AB9E30B503C5}.Release|Any CPU.Build.0 = Release|Any CPU
		{2FEB9A5B-B67A-4CC7-9150-AB9E30B503C5}.Release|x64.ActiveCfg = Release|Any CPU
		{2FEB9A5B-B67A-4CC7-9150-AB9E30B503C5}.Release|x64.Build.0 = Release|Any CPU
		{2FEB9A5B-B67A-4CC7-9150-AB9E30B503C5}.Release|x86.ActiveCfg = Release|Any CPU
		{2FEB9A5B-B67A-4CC7-9150-AB9E30B503C5}.Release|x86.Build.0 = Release|Any CPU
	EndGlobalSection
	GlobalSection(SolutionProperties) = preSolution
		HideSolutionNode = FALSE
	EndGlobalSection
EndGlobal
